
Microsoft Visual Studio Solution File, Format Version 11.00
# Visual Studio 2010
Project("{FAE04EC0-301F-11D3-BF4B-00C04F79EFBC}") = "SPF", "SPF\SPF.csproj", "{8634BE6F-1B37-4FA0-A260-F32632F889D5}"
EndProject
Project("{FAE04EC0-301F-11D3-BF4B-00C04F79EFBC}") = "Website", "Website\Website.csproj", "{8D491AD1-8776-4410-B2C8-84AD64AE8531}"
EndProject
Global
	GlobalSection(SolutionConfigurationPlatforms) = preSolution
		Debug|Any CPU = Debug|Any CPU
		Release|Any CPU = Release|Any CPU
	EndGlobalSection
	GlobalSection(ProjectConfigurationPlatforms) = postSolution
		{8634BE6F-1B37-4FA0-A260-F32632F889D5}.Debug|Any CPU.ActiveCfg = Debug|Any CPU
		{8634BE6F-1B37-4FA0-A260-F32632F889D5}.Debug|Any CPU.Build.0 = Debug|Any CPU
		{8634BE6F-1B37-4FA0-A260-F32632F889D5}.Release|Any CPU.ActiveCfg = Release|Any CPU
		{8634BE6F-1B37-4FA0-A260-F32632F889D5}.Release|Any CPU.Build.0 = Release|Any CPU
		{8D491AD1-8776-4410-B2C8-84AD64AE8531}.Debug|Any CPU.ActiveCfg = Debug|Any CPU
		{8D491AD1-8776-4410-B2C8-84AD64AE8531}.Debug|Any CPU.Build.0 = Debug|Any CPU
		{8D491AD1-8776-4410-B2C8-84AD64AE8531}.Release|Any CPU.ActiveCfg = Release|Any CPU
		{8D491AD1-8776-4410-B2C8-84AD64AE8531}.Release|Any CPU.Build.0 = Release|Any CPU
	EndGlobalSection
	GlobalSection(SolutionProperties) = preSolution
		HideSolutionNode = FALSE
	EndGlobalSection
EndGlobal
